
Microsoft Visual Studio Solution File, Format Version 12.00
# Visual Studio Version 17
VisualStudioVersion = 17.4.33403.182
MinimumVisualStudioVersion = 10.0.40219.1
Project("{8BC9CEB8-8B4A-11D0-8D11-00A0C91BC942}") = "курсыч", "курсыч\курсыч.vcxproj", "{540DA596-787D-4282-ADB2-454D883DACCA}"
EndProject
Global
	GlobalSection(SolutionConfigurationPlatforms) = preSolution
		Debug|x64 = Debug|x64
		Debug|x86 = Debug|x86
		Release|x64 = Release|x64
		Release|x86 = Release|x86
	EndGlobalSection
	GlobalSection(ProjectConfigurationPlatforms) = postSolution
		{540DA596-787D-4282-ADB2-454D883DACCA}.Debug|x64.ActiveCfg = Debug|x64
		{540DA596-787D-4282-ADB2-454D883DACCA}.Debug|x64.Build.0 = Debug|x64
		{540DA596-787D-4282-ADB2-454D883DACCA}.Debug|x86.ActiveCfg = Debug|Win32
		{540DA596-787D-4282-ADB2-454D883DACCA}.Debug|x86.Build.0 = Debug|Win32
		{540DA596-787D-4282-ADB2-454D883DACCA}.Release|x64.ActiveCfg = Release|x64
		{540DA596-787D-4282-ADB2-454D883DACCA}.Release|x64.Build.0 = Release|x64
		{540DA596-787D-4282-ADB2-454D883DACCA}.Release|x86.ActiveCfg = Release|Win32
		{540DA596-787D-4282-ADB2-454D883DACCA}.Release|x86.Build.0 = Release|Win32
	EndGlobalSection
	GlobalSection(SolutionProperties) = preSolution
		HideSolutionNode = FALSE
	EndGlobalSection
	GlobalSection(ExtensibilityGlobals) = postSolution
		SolutionGuid = {DF87B090-3518-4052-8851-089CB93E8B9D}
	EndGlobalSection
EndGlobal
